
Microsoft Visual Studio Solution File, Format Version 12.00
# Visual Studio 15
VisualStudioVersion = 15.0.27004.2002
MinimumVisualStudioVersion = 10.0.40219.1
Project("{FAE04EC0-301F-11D3-BF4B-00C04F79EFBC}") = "ParkingAppService", "ParkingAppService\ParkingAppService.csproj", "{FEBA6AEC-4FD5-49C4-B2D7-AAFE19009AF1}"
EndProject
Project("{FAE04EC0-301F-11D3-BF4B-00C04F79EFBC}") = "ParkingAppService.Tests", "ParkingAppService.Tests\ParkingAppService.Tests.csproj", "{4A99B9F2-9E2F-41A9-B451-DEBDCDAB2DF9}"
EndProject
Project("{FAE04EC0-301F-11D3-BF4B-00C04F79EFBC}") = "ParkingDataAccess", "ParkingDataAccess\ParkingDataAccess.csproj", "{976559D3-E2EC-4C26-A679-7076F724C7F0}"
EndProject
Global
	GlobalSection(SolutionConfigurationPlatforms) = preSolution
		Debug|Any CPU = Debug|Any CPU
		Release|Any CPU = Release|Any CPU
	EndGlobalSection
	GlobalSection(ProjectConfigurationPlatforms) = postSolution
		{FEBA6AEC-4FD5-49C4-B2D7-AAFE19009AF1}.Debug|Any CPU.ActiveCfg = Debug|Any CPU
		{FEBA6AEC-4FD5-49C4-B2D7-AAFE19009AF1}.Debug|Any CPU.Build.0 = Debug|Any CPU
		{FEBA6AEC-4FD5-49C4-B2D7-AAFE19009AF1}.Release|Any CPU.ActiveCfg = Release|Any CPU
		{FEBA6AEC-4FD5-49C4-B2D7-AAFE19009AF1}.Release|Any CPU.Build.0 = Release|Any CPU
		{4A99B9F2-9E2F-41A9-B451-DEBDCDAB2DF9}.Debug|Any CPU.ActiveCfg = Debug|Any CPU
		{4A99B9F2-9E2F-41A9-B451-DEBDCDAB2DF9}.Debug|Any CPU.Build.0 = Debug|Any CPU
		{4A99B9F2-9E2F-41A9-B451-DEBDCDAB2DF9}.Release|Any CPU.ActiveCfg = Release|Any CPU
		{4A99B9F2-9E2F-41A9-B451-DEBDCDAB2DF9}.Release|Any CPU.Build.0 = Release|Any CPU
		{976559D3-E2EC-4C26-A679-7076F724C7F0}.Debug|Any CPU.ActiveCfg = Debug|Any CPU
		{976559D3-E2EC-4C26-A679-7076F724C7F0}.Debug|Any CPU.Build.0 = Debug|Any CPU
		{976559D3-E2EC-4C26-A679-7076F724C7F0}.Release|Any CPU.ActiveCfg = Release|Any CPU
		{976559D3-E2EC-4C26-A679-7076F724C7F0}.Release|Any CPU.Build.0 = Release|Any CPU
	EndGlobalSection
	GlobalSection(SolutionProperties) = preSolution
		HideSolutionNode = FALSE
	EndGlobalSection
	GlobalSection(ExtensibilityGlobals) = postSolution
		SolutionGuid = {FC364FA3-DC7A-431B-B2E7-553877DFF7DE}
	EndGlobalSection
EndGlobal
